langcode: en
status: true
dependencies:
  config:
    - block_content.type.ah_ai_bridge
    - block_content.type.ah_webform
    - block_content.type.basic
    - block_content.type.case_studies_article
    - block_content.type.contact_us_tabs
    - block_content.type.content_block
    - block_content.type.faq
    - block_content.type.form_free_html
    - block_content.type.fs_module
    - block_content.type.grid_module
    - block_content.type.hero_banner
    - block_content.type.horizontal_module
    - block_content.type.icon_bars_module
    - block_content.type.modal_popup
    - block_content.type.more_resource
    - block_content.type.onepager_content
    - block_content.type.page_title_block
    - block_content.type.priorities_details_module
    - block_content.type.priorities_list_points
    - block_content.type.services_demo
    - block_content.type.simple_banner
    - block_content.type.white_paper_gated_download
    - block_content.type.wwa_banner
    - block_content.type.wwa_content_blocks
    - field.storage.paragraph.field_custom_block
    - paragraphs.paragraphs_type.tabs
id: paragraph.tabs.field_custom_block
field_name: field_custom_block
entity_type: paragraph
bundle: tabs
label: 'Custom Block'
description: ''
required: false
translatable: false
default_value: {  }
default_value_callback: ''
settings:
  handler: 'default:block_content'
  handler_settings:
    target_bundles:
      content_block: content_block
      hero_banner: hero_banner
      basic: basic
      priorities_list_points: priorities_list_points
      horizontal_module: horizontal_module
      ah_ai_bridge: ah_ai_bridge
      case_studies_article: case_studies_article
      fs_module: fs_module
      contact_us_tabs: contact_us_tabs
      wwa_content_blocks: wwa_content_blocks
      services_demo: services_demo
      faq: faq
      form_free_html: form_free_html
      grid_module: grid_module
      icon_bars_module: icon_bars_module
      modal_popup: modal_popup
      more_resource: more_resource
      onepager_content: onepager_content
      page_title_block: page_title_block
      simple_banner: simple_banner
      priorities_details_module: priorities_details_module
      wwa_banner: wwa_banner
      ah_webform: ah_webform
      white_paper_gated_download: white_paper_gated_download
    sort:
      field: _none
    auto_create: false
    auto_create_bundle: hero_banner
field_type: entity_reference
