langcode: en
status: true
dependencies:
  config:
    - block_content.type.wwa_content_blocks
    - field.storage.block_content.field_wwa_content_block
    - paragraphs.paragraphs_type.wwa_content_blocks
  module:
    - entity_reference_revisions
  enforced:
    module:
      - wwa_cb
id: block_content.wwa_content_blocks.field_wwa_content_block
field_name: field_wwa_content_block
entity_type: block_content
bundle: wwa_content_blocks
label: 'Content Block'
description: ''
required: false
translatable: false
default_value: {  }
default_value_callback: ''
settings:
  handler: 'default:paragraph'
  handler_settings:
    negate: 0
    target_bundles:
      wwa_content_blocks: wwa_content_blocks
    target_bundles_drag_drop:
      article_highlights:
        weight: 5
        enabled: false
      case_study_icons:
        weight: 6
        enabled: false
      onepager:
        weight: 7
        enabled: false
      wwa_content_blocks:
        enabled: true
        weight: 8
field_type: entity_reference_revisions